{
  "name": "Spypro",
  "version": "0.34.5",
  "lockfileVersion": 3,
  "requires": true,
  "packages": {
    "": {
      "dependencies": {
        "@bpmn-io/properties-panel": "^3.25.1"
      }
    },
    "node_modules/@bpmn-io/cm-theme": {
      "version": "0.1.0-alpha.2",
      "resolved": "https://registry.npmjs.org/@bpmn-io/cm-theme/-/cm-theme-0.1.0-alpha.2.tgz",
      "integrity": "sha512-ZILgiYzxk3KMvxplUXmdRFQo45/JehDPg5k9tWfehmzUOSE13ssyLPil8uCloMQnb3yyzyOWTjb/wzKXTHlFQw==",
      "license": "MIT",
      "dependencies": {
        "@codemirror/language": "^6.3.1",
        "@codemirror/view": "^6.5.1",
        "@lezer/highlight": "^1.1.4"
      },
      "workspaces": {
        "packages": [
          "preview-themes"
        ]
      }
    },
    "node_modules/@bpmn-io/feel-editor": {
      "version": "1.9.1",
      "resolved": "https://registry.npmjs.org/@bpmn-io/feel-editor/-/feel-editor-1.9.1.tgz",
      "integrity": "sha512-UxSORdh5cwKM4fib4f9ov6J1/BHGpQVNtA+wPyEdKQyCyz3wqwE2/xe5wneVR1j5QFC5m2Na8nTy4a1TDFvZTw==",
      "license": "MIT",
      "dependencies": {
        "@bpmn-io/feel-lint": "^1.3.0",
        "@codemirror/autocomplete": "^6.16.2",
        "@codemirror/commands": "^6.6.0",
        "@codemirror/language": "^6.10.2",
        "@codemirror/lint": "^6.8.0",
        "@codemirror/state": "^6.4.1",
        "@codemirror/view": "^6.28.1",
        "@lezer/highlight": "^1.2.0",
        "lang-feel": "^2.1.1",
        "min-dom": "^4.2.1"
      },
      "engines": {
        "node": ">= 16"
      }
    },
    "node_modules/@bpmn-io/feel-lint": {
      "version": "1.3.1",
      "resolved": "https://registry.npmjs.org/@bpmn-io/feel-lint/-/feel-lint-1.3.1.tgz",
      "integrity": "sha512-wcFkJKhOm/iqCt5bzkKvxL5Dr9wKwUD+t164bQYbJsTYouAqmkkxiGsoqck42hXwdIhMSguZ+vqQ3hj5QdiYCA==",
      "license": "MIT",
      "dependencies": {
        "@codemirror/language": "^6.10.0",
        "lezer-feel": "^1.2.3"
      },
      "engines": {
        "node": "*"
      }
    },
    "node_modules/@bpmn-io/properties-panel": {
      "version": "3.25.1",
      "resolved": "https://registry.npmjs.org/@bpmn-io/properties-panel/-/properties-panel-3.25.1.tgz",
      "integrity": "sha512-DH7BynzyvpJVPQv9OpZCEqLGwNJsUkwwBb1UaLKF23uffozME1+IeO7NWvmvYVDE46vKq7h3lVYZ7uuNEO29Xg==",
      "license": "MIT",
      "dependencies": {
        "@bpmn-io/feel-editor": "^1.9.0",
        "@codemirror/view": "^6.28.1",
        "classnames": "^2.3.1",
        "feelers": "^1.4.0",
        "focus-trap": "^7.5.2",
        "min-dash": "^4.1.1",
        "min-dom": "^4.0.3"
      },
      "engines": {
        "node": "*"
      }
    },
    "node_modules/@codemirror/autocomplete": {
      "version": "6.18.3",
      "resolved": "https://registry.npmjs.org/@codemirror/autocomplete/-/autocomplete-6.18.3.tgz",
      "integrity": "sha512-1dNIOmiM0z4BIBwxmxEfA1yoxh1MF/6KPBbh20a5vphGV0ictKlgQsbJs6D6SkR6iJpGbpwRsa6PFMNlg9T9pQ==",
      "license": "MIT",
      "dependencies": {
        "@codemirror/language": "^6.0.0",
        "@codemirror/state": "^6.0.0",
        "@codemirror/view": "^6.17.0",
        "@lezer/common": "^1.0.0"
      },
      "peerDependencies": {
        "@codemirror/language": "^6.0.0",
        "@codemirror/state": "^6.0.0",
        "@codemirror/view": "^6.0.0",
        "@lezer/common": "^1.0.0"
      }
    },
    "node_modules/@codemirror/commands": {
      "version": "6.7.1",
      "resolved": "https://registry.npmjs.org/@codemirror/commands/-/commands-6.7.1.tgz",
      "integrity": "sha512-llTrboQYw5H4THfhN4U3qCnSZ1SOJ60ohhz+SzU0ADGtwlc533DtklQP0vSFaQuCPDn3BPpOd1GbbnUtwNjsrw==",
      "license": "MIT",
      "dependencies": {
        "@codemirror/language": "^6.0.0",
        "@codemirror/state": "^6.4.0",
        "@codemirror/view": "^6.27.0",
        "@lezer/common": "^1.1.0"
      }
    },
    "node_modules/@codemirror/language": {
      "version": "6.10.6",
      "resolved": "https://registry.npmjs.org/@codemirror/language/-/language-6.10.6.tgz",
      "integrity": "sha512-KrsbdCnxEztLVbB5PycWXFxas4EOyk/fPAfruSOnDDppevQgid2XZ+KbJ9u+fDikP/e7MW7HPBTvTb8JlZK9vA==",
      "license": "MIT",
      "dependencies": {
        "@codemirror/state": "^6.0.0",
        "@codemirror/view": "^6.23.0",
        "@lezer/common": "^1.1.0",
        "@lezer/highlight": "^1.0.0",
        "@lezer/lr": "^1.0.0",
        "style-mod": "^4.0.0"
      }
    },
    "node_modules/@codemirror/lint": {
      "version": "6.8.4",
      "resolved": "https://registry.npmjs.org/@codemirror/lint/-/lint-6.8.4.tgz",
      "integrity": "sha512-u4q7PnZlJUojeRe8FJa/njJcMctISGgPQ4PnWsd9268R4ZTtU+tfFYmwkBvgcrK2+QQ8tYFVALVb5fVJykKc5A==",
      "license": "MIT",
      "dependencies": {
        "@codemirror/state": "^6.0.0",
        "@codemirror/view": "^6.35.0",
        "crelt": "^1.0.5"
      }
    },
    "node_modules/@codemirror/state": {
      "version": "6.5.0",
      "resolved": "https://registry.npmjs.org/@codemirror/state/-/state-6.5.0.tgz",
      "integrity": "sha512-MwBHVK60IiIHDcoMet78lxt6iw5gJOGSbNbOIVBHWVXIH4/Nq1+GQgLLGgI1KlnN86WDXsPudVaqYHKBIx7Eyw==",
      "license": "MIT",
      "dependencies": {
        "@marijn/find-cluster-break": "^1.0.0"
      }
    },
    "node_modules/@codemirror/view": {
      "version": "6.35.3",
      "resolved": "https://registry.npmjs.org/@codemirror/view/-/view-6.35.3.tgz",
      "integrity": "sha512-ScY7L8+EGdPl4QtoBiOzE4FELp7JmNUsBvgBcCakXWM2uiv/K89VAzU3BMDscf0DsACLvTKePbd5+cFDTcei6g==",
      "license": "MIT",
      "dependencies": {
        "@codemirror/state": "^6.5.0",
        "style-mod": "^4.1.0",
        "w3c-keyname": "^2.2.4"
      }
    },
    "node_modules/@lezer/common": {
      "version": "1.2.3",
      "resolved": "https://registry.npmjs.org/@lezer/common/-/common-1.2.3.tgz",
      "integrity": "sha512-w7ojc8ejBqr2REPsWxJjrMFsA/ysDCFICn8zEOR9mrqzOu2amhITYuLD8ag6XZf0CFXDrhKqw7+tW8cX66NaDA==",
      "license": "MIT"
    },
    "node_modules/@lezer/highlight": {
      "version": "1.2.1",
      "resolved": "https://registry.npmjs.org/@lezer/highlight/-/highlight-1.2.1.tgz",
      "integrity": "sha512-Z5duk4RN/3zuVO7Jq0pGLJ3qynpxUVsh7IbUbGj88+uV2ApSAn6kWg2au3iJb+0Zi7kKtqffIESgNcRXWZWmSA==",
      "license": "MIT",
      "dependencies": {
        "@lezer/common": "^1.0.0"
      }
    },
    "node_modules/@lezer/lr": {
      "version": "1.4.2",
      "resolved": "https://registry.npmjs.org/@lezer/lr/-/lr-1.4.2.tgz",
      "integrity": "sha512-pu0K1jCIdnQ12aWNaAVU5bzi7Bd1w54J3ECgANPmYLtQKP0HBj2cE/5coBD66MT10xbtIuUr7tg0Shbsvk0mDA==",
      "license": "MIT",
      "dependencies": {
        "@lezer/common": "^1.0.0"
      }
    },
    "node_modules/@lezer/markdown": {
      "version": "1.3.2",
      "resolved": "https://registry.npmjs.org/@lezer/markdown/-/markdown-1.3.2.tgz",
      "integrity": "sha512-Wu7B6VnrKTbBEohqa63h5vxXjiC4pO5ZQJ/TDbhJxPQaaIoRD/6UVDhSDtVsCwVZV12vvN9KxuLL3ATMnlG0oQ==",
      "license": "MIT",
      "dependencies": {
        "@lezer/common": "^1.0.0",
        "@lezer/highlight": "^1.0.0"
      }
    },
    "node_modules/@marijn/find-cluster-break": {
      "version": "1.0.2",
      "resolved": "https://registry.npmjs.org/@marijn/find-cluster-break/-/find-cluster-break-1.0.2.tgz",
      "integrity": "sha512-l0h88YhZFyKdXIFNfSWpyjStDjGHwZ/U7iobcK1cQQD8sejsONdQtTVU+1wVN1PBw40PiiHB1vA5S7VTfQiP9g==",
      "license": "MIT"
    },
    "node_modules/classnames": {
      "version": "2.5.1",
      "resolved": "https://registry.npmjs.org/classnames/-/classnames-2.5.1.tgz",
      "integrity": "sha512-saHYOzhIQs6wy2sVxTM6bUDsQO4F50V9RQ22qBpEdCW+I+/Wmke2HOl6lS6dTpdxVhb88/I6+Hs+438c3lfUow==",
      "license": "MIT"
    },
    "node_modules/component-event": {
      "version": "0.2.1",
      "resolved": "https://registry.npmjs.org/component-event/-/component-event-0.2.1.tgz",
      "integrity": "sha512-wGA++isMqiDq1jPYeyv2as/Bt/u+3iLW0rEa+8NQ82jAv3TgqMiCM+B2SaBdn2DfLilLjjq736YcezihRYhfxw==",
      "license": "MIT"
    },
    "node_modules/crelt": {
      "version": "1.0.6",
      "resolved": "https://registry.npmjs.org/crelt/-/crelt-1.0.6.tgz",
      "integrity": "sha512-VQ2MBenTq1fWZUH9DJNGti7kKv6EeAuYr3cLwxUWhIu1baTaXh4Ib5W2CqHVqib4/MqbYGJqiL3Zb8GJZr3l4g==",
      "license": "MIT"
    },
    "node_modules/domify": {
      "version": "1.4.2",
      "resolved": "https://registry.npmjs.org/domify/-/domify-1.4.2.tgz",
      "integrity": "sha512-m4yreHcUWHBncGVV7U+yQzc12vIlq0jMrtHZ5mW6dQMiL/7skSYNVX9wqKwOtyO9SGCgevrAFEgOCAHmamHTUA==",
      "license": "MIT",
      "funding": {
        "url": "https://github.com/sponsors/sindresorhus"
      }
    },
    "node_modules/feelers": {
      "version": "1.4.0",
      "resolved": "https://registry.npmjs.org/feelers/-/feelers-1.4.0.tgz",
      "integrity": "sha512-CGa/7ILuqoqTaeYeoKsg/4tzu2es9sEEJTmSjdu0lousZBw4V9gcYhHYFNmbrSrKmbAVfOzj6/DsymGJWFIOeg==",
      "license": "MIT",
      "dependencies": {
        "@bpmn-io/cm-theme": "^0.1.0-alpha.2",
        "@bpmn-io/feel-lint": "^1.2.0",
        "@codemirror/autocomplete": "^6.10.1",
        "@codemirror/commands": "^6.3.0",
        "@codemirror/language": "^6.9.1",
        "@codemirror/lint": "^6.4.2",
        "@codemirror/state": "^6.3.0",
        "@codemirror/view": "^6.21.3",
        "@lezer/common": "^1.1.0",
        "@lezer/highlight": "^1.1.6",
        "@lezer/lr": "^1.3.13",
        "@lezer/markdown": "^1.1.0",
        "feelin": "^3.0.1",
        "lezer-feel": "^1.2.4",
        "min-dom": "^5.0.0"
      },
      "engines": {
        "node": "*"
      },
      "workspaces": {
        "packages": [
          "feelers-playground"
        ]
      }
    },
    "node_modules/feelers/node_modules/domify": {
      "version": "2.0.0",
      "resolved": "https://registry.npmjs.org/domify/-/domify-2.0.0.tgz",
      "integrity": "sha512-rmvrrmWQPD/X1A/nPBfIVg4r05792QdG9Z4Prk6oQG0F9zBMDkr0GKAdds1wjb2dq1rTz/ywc4ZxpZbgz0tttg==",
      "license": "MIT",
      "engines": {
        "node": ">=18"
      },
      "funding": {
        "url": "https://github.com/sponsors/sindresorhus"
      }
    },
    "node_modules/feelers/node_modules/min-dom": {
      "version": "5.1.1",
      "resolved": "https://registry.npmjs.org/min-dom/-/min-dom-5.1.1.tgz",
      "integrity": "sha512-GaKUlguMAofd3OJsB0OkP17i5kucKqErgVCJxPawO9l5NwIPnr28SAr99zzlzMCWWljISBYrnZVWdE2Q92YGFQ==",
      "license": "MIT",
      "dependencies": {
        "domify": "^2.0.0",
        "min-dash": "^4.2.1"
      }
    },
    "node_modules/feelin": {
      "version": "3.2.0",
      "resolved": "https://registry.npmjs.org/feelin/-/feelin-3.2.0.tgz",
      "integrity": "sha512-GFDbHsTYk7YXO1tyw1dOjb7IODeAZvNIosdGZThUwPx5XcD/XhO0hnPZXsIbAzSsIdrgGlTEEdby9fZ2gixysA==",
      "license": "MIT",
      "dependencies": {
        "@lezer/lr": "^1.4.2",
        "lezer-feel": "^1.4.0",
        "luxon": "^3.5.0"
      },
      "engines": {
        "node": "*"
      }
    },
    "node_modules/focus-trap": {
      "version": "7.6.2",
      "resolved": "https://registry.npmjs.org/focus-trap/-/focus-trap-7.6.2.tgz",
      "integrity": "sha512-9FhUxK1hVju2+AiQIDJ5Dd//9R2n2RAfJ0qfhF4IHGHgcoEUTMpbTeG/zbEuwaiYXfuAH6XE0/aCyxDdRM+W5w==",
      "license": "MIT",
      "dependencies": {
        "tabbable": "^6.2.0"
      }
    },
    "node_modules/lang-feel": {
      "version": "2.2.0",
      "resolved": "https://registry.npmjs.org/lang-feel/-/lang-feel-2.2.0.tgz",
      "integrity": "sha512-Ebo5nftYsMfJzB3Ny8Oy4oaDXZXb5x61qtVVmKv6aImvAZUbT76mD60ZbEilizjZQzsR2CcU1iMK5sacIa1NVA==",
      "license": "MIT",
      "dependencies": {
        "@codemirror/autocomplete": "^6.16.2",
        "@codemirror/language": "^6.10.2",
        "@codemirror/state": "^6.4.1",
        "@codemirror/view": "^6.28.1",
        "@lezer/common": "^1.2.1",
        "lezer-feel": "^1.3.0"
      },
      "engines": {
        "node": "*"
      }
    },
    "node_modules/lezer-feel": {
      "version": "1.4.0",
      "resolved": "https://registry.npmjs.org/lezer-feel/-/lezer-feel-1.4.0.tgz",
      "integrity": "sha512-kNxG7O38gwpuYy+C3JCRxQNTCE2qu9uTuH5dE3EGVnRhIQMe6rPDz0S8t3urLEOsMud6HI795m6zX2ujfUaqTw==",
      "license": "MIT",
      "dependencies": {
        "@lezer/highlight": "^1.2.1",
        "@lezer/lr": "^1.4.2",
        "min-dash": "^4.2.1"
      },
      "engines": {
        "node": "*"
      }
    },
    "node_modules/luxon": {
      "version": "3.5.0",
      "resolved": "https://registry.npmjs.org/luxon/-/luxon-3.5.0.tgz",
      "integrity": "sha512-rh+Zjr6DNfUYR3bPwJEnuwDdqMbxZW7LOQfUN4B54+Cl+0o5zaU9RJ6bcidfDtC1cWCZXQ+nvX8bf6bAji37QQ==",
      "license": "MIT",
      "engines": {
        "node": ">=12"
      }
    },
    "node_modules/min-dash": {
      "version": "4.2.2",
      "resolved": "https://registry.npmjs.org/min-dash/-/min-dash-4.2.2.tgz",
      "integrity": "sha512-qbhSYUxk6mBaF096B3JOQSumXbKWHenmT97cSpdNzgkWwGjhjhE/KZODCoDNhI2I4C9Cb6R/Q13S4BYkUSXoXQ==",
      "license": "MIT"
    },
    "node_modules/min-dom": {
      "version": "4.2.1",
      "resolved": "https://registry.npmjs.org/min-dom/-/min-dom-4.2.1.tgz",
      "integrity": "sha512-TMoL8SEEIhUWYgkj7XMSgxmwSyGI+4fP2KFFGnN3FbHfbGHVdsLYSz8LoIsgPhz4dWRmLvxWWSMgzZMJW5sZuA==",
      "license": "MIT",
      "dependencies": {
        "component-event": "^0.2.1",
        "domify": "^1.4.1",
        "min-dash": "^4.2.1"
      }
    },
    "node_modules/style-mod": {
      "version": "4.1.2",
      "resolved": "https://registry.npmjs.org/style-mod/-/style-mod-4.1.2.tgz",
      "integrity": "sha512-wnD1HyVqpJUI2+eKZ+eo1UwghftP6yuFheBqqe+bWCotBjC2K1YnteJILRMs3SM4V/0dLEW1SC27MWP5y+mwmw==",
      "license": "MIT"
    },
    "node_modules/tabbable": {
      "version": "6.2.0",
      "resolved": "https://registry.npmjs.org/tabbable/-/tabbable-6.2.0.tgz",
      "integrity": "sha512-Cat63mxsVJlzYvN51JmVXIgNoUokrIaT2zLclCXjRd8boZ0004U4KCs/sToJ75C6sdlByWxpYnb5Boif1VSFew==",
      "license": "MIT"
    },
    "node_modules/w3c-keyname": {
      "version": "2.2.8",
      "resolved": "https://registry.npmjs.org/w3c-keyname/-/w3c-keyname-2.2.8.tgz",
      "integrity": "sha512-dpojBhNsCNN7T82Tm7k26A6G9ML3NkhDsnw9n/eoxSRlVBB4CEtIQ/KTCLI2Fwf3ataSXRhYFkQi3SlnFwPvPQ==",
      "license": "MIT"
    }
  }
}
